<?xml version="1.0" encoding="UTF-8"?>
<CONFIG>
  <ProjectOptions>
    <Version Value="12"/>
    <PathDelim Value="\"/>
    <General>
      <Flags>
        <LRSInOutputDirectory Value="False"/>
        <CompatibilityMode Value="True"/>
      </Flags>
      <Title Value="edatco"/>
    </General>
    <VersionInfo>
      <UseVersionInfo Value="True"/>
      <AutoIncrementBuild Value="True"/>
      <BuildNr Value="65"/>
      <Language Value=""/>
      <CharSet Value=""/>
      <StringTable CompanyName="Wasx Alpha" ProductName="Edatco"/>
    </VersionInfo>
    <BuildModes Count="1">
      <Item1 Name="default" Default="True"/>
    </BuildModes>
    <PublishOptions>
      <Version Value="2"/>
    </PublishOptions>
    <RunParams>
      <local>
        <CommandLineParams Value="formato 0 0 .\entrada\fichero.txt 0 .\formatos\insert_operaciones.st .\salida\2.sql 0"/>
        <LaunchingApplication PathPlusParams="/usr/X11R6/bin/xterm -T &apos;Lazarus Run Output&apos; -e $(LazarusDir)/tools/runwait.sh $(TargetCmdLine)"/>
      </local>
      <FormatVersion Value="2"/>
      <Modes Count="1">
        <Mode0 Name="default">
          <local>
            <CommandLineParams Value="formato 0 0 .\entrada\fichero.txt 0 .\formatos\insert_operaciones.st .\salida\2.sql 0"/>
            <LaunchingApplication PathPlusParams="/usr/X11R6/bin/xterm -T &apos;Lazarus Run Output&apos; -e $(LazarusDir)/tools/runwait.sh $(TargetCmdLine)"/>
          </local>
        </Mode0>
      </Modes>
    </RunParams>
    <Units Count="2">
      <Unit0>
        <Filename Value="project1.lpr"/>
        <IsPartOfProject Value="True"/>
        <ComponentName Value="Form1"/>
        <HasResources Value="True"/>
        <ResourceBaseClass Value="Form"/>
        <UnitName Value="EDATCO"/>
        <IsVisibleTab Value="True"/>
        <TopLine Value="1352"/>
        <CursorPos X="42" Y="1381"/>
        <UsageCount Value="202"/>
        <Loaded Value="True"/>
      </Unit0>
      <Unit1>
        <Filename Value="..\prueba\unit1.pas"/>
        <IsPartOfProject Value="True"/>
        <HasResources Value="True"/>
        <UsageCount Value="142"/>
      </Unit1>
    </Units>
    <JumpHistory Count="30" HistoryIndex="29">
      <Position1>
        <Filename Value="project1.lpr"/>
        <Caret Line="3040" Column="61" TopLine="3012"/>
      </Position1>
      <Position2>
        <Filename Value="project1.lpr"/>
        <Caret Line="3050" Column="62" TopLine="3022"/>
      </Position2>
      <Position3>
        <Filename Value="project1.lpr"/>
        <Caret Line="3073" Column="62" TopLine="3045"/>
      </Position3>
      <Position4>
        <Filename Value="project1.lpr"/>
        <Caret Line="3080" Column="62" TopLine="3052"/>
      </Position4>
      <Position5>
        <Filename Value="project1.lpr"/>
        <Caret Line="3085" Column="62" TopLine="3057"/>
      </Position5>
      <Position6>
        <Filename Value="project1.lpr"/>
        <Caret Line="3090" Column="62" TopLine="3062"/>
      </Position6>
      <Position7>
        <Filename Value="project1.lpr"/>
        <Caret Line="3095" Column="62" TopLine="3067"/>
      </Position7>
      <Position8>
        <Filename Value="project1.lpr"/>
        <Caret Line="3100" Column="62" TopLine="3072"/>
      </Position8>
      <Position9>
        <Filename Value="project1.lpr"/>
        <Caret Line="3105" Column="62" TopLine="3077"/>
      </Position9>
      <Position10>
        <Filename Value="project1.lpr"/>
        <Caret Line="3110" Column="62" TopLine="3082"/>
      </Position10>
      <Position11>
        <Filename Value="project1.lpr"/>
        <Caret Line="3115" Column="62" TopLine="3087"/>
      </Position11>
      <Position12>
        <Filename Value="project1.lpr"/>
        <Caret Line="3120" Column="62" TopLine="3092"/>
      </Position12>
      <Position13>
        <Filename Value="project1.lpr"/>
        <Caret Line="3125" Column="62" TopLine="3097"/>
      </Position13>
      <Position14>
        <Filename Value="project1.lpr"/>
        <Caret Line="3130" Column="62" TopLine="3102"/>
      </Position14>
      <Position15>
        <Filename Value="project1.lpr"/>
        <Caret Line="3138" Column="62" TopLine="3110"/>
      </Position15>
      <Position16>
        <Filename Value="project1.lpr"/>
        <Caret Line="3144" Column="62" TopLine="3116"/>
      </Position16>
      <Position17>
        <Filename Value="project1.lpr"/>
        <Caret Line="3149" Column="62" TopLine="3121"/>
      </Position17>
      <Position18>
        <Filename Value="project1.lpr"/>
        <Caret Line="3153" Column="62" TopLine="3125"/>
      </Position18>
      <Position19>
        <Filename Value="project1.lpr"/>
        <Caret Line="3157" Column="62" TopLine="3129"/>
      </Position19>
      <Position20>
        <Filename Value="project1.lpr"/>
        <Caret Line="3161" Column="62" TopLine="3133"/>
      </Position20>
      <Position21>
        <Filename Value="project1.lpr"/>
        <Caret Line="3165" Column="62" TopLine="3137"/>
      </Position21>
      <Position22>
        <Filename Value="project1.lpr"/>
        <Caret Line="3169" Column="65" TopLine="3141"/>
      </Position22>
      <Position23>
        <Filename Value="project1.lpr"/>
        <Caret Line="2" Column="9"/>
      </Position23>
      <Position24>
        <Filename Value="project1.lpr"/>
        <Caret Line="24" Column="27" TopLine="16"/>
      </Position24>
      <Position25>
        <Filename Value="project1.lpr"/>
        <Caret Line="138" Column="14" TopLine="137"/>
      </Position25>
      <Position26>
        <Filename Value="project1.lpr"/>
        <Caret Line="1380" Column="7" TopLine="1210"/>
      </Position26>
      <Position27>
        <Filename Value="project1.lpr"/>
        <Caret Column="17"/>
      </Position27>
      <Position28>
        <Filename Value="project1.lpr"/>
        <Caret Line="3" Column="27"/>
      </Position28>
      <Position29>
        <Filename Value="project1.lpr"/>
        <Caret Line="1308" Column="55" TopLine="1296"/>
      </Position29>
      <Position30>
        <Filename Value="project1.lpr"/>
        <Caret Line="12" Column="23"/>
      </Position30>
    </JumpHistory>
  </ProjectOptions>
  <CompilerOptions>
    <Version Value="11"/>
    <PathDelim Value="\"/>
    <Parsing>
      <SyntaxOptions>
        <UseAnsiStrings Value="False"/>
      </SyntaxOptions>
    </Parsing>
    <CodeGeneration>
      <HeapSize Value="64000000"/>
      <Optimizations>
        <OptimizationLevel Value="3"/>
      </Optimizations>
    </CodeGeneration>
  </CompilerOptions>
  <Debugging>
    <Watches Count="1">
      <Item1>
        <Expression Value="tregistros"/>
      </Item1>
    </Watches>
    <Exceptions Count="2">
      <Item1>
        <Name Value="ECodetoolError"/>
      </Item1>
      <Item2>
        <Name Value="EFOpenError"/>
      </Item2>
    </Exceptions>
  </Debugging>
</CONFIG>
